
Microsoft Visual Studio Solution File, Format Version 12.00
# Visual Studio 15
VisualStudioVersion = 15.0.28307.136
MinimumVisualStudioVersion = 10.0.40219.1
Project("{FAE04EC0-301F-11D3-BF4B-00C04F79EFBC}") = "LinkedList2Project", "LinkedList2Project\LinkedList2Project.csproj", "{D2A6A4BC-96DB-4EC5-8CEC-223FDF89FA01}"
EndProject
Global
	GlobalSection(SolutionConfigurationPlatforms) = preSolution
		Debug|Any CPU = Debug|Any CPU
		Release|Any CPU = Release|Any CPU
	EndGlobalSection
	GlobalSection(ProjectConfigurationPlatforms) = postSolution
		{D2A6A4BC-96DB-4EC5-8CEC-223FDF89FA01}.Debug|Any CPU.ActiveCfg = Debug|Any CPU
		{D2A6A4BC-96DB-4EC5-8CEC-223FDF89FA01}.Debug|Any CPU.Build.0 = Debug|Any CPU
		{D2A6A4BC-96DB-4EC5-8CEC-223FDF89FA01}.Release|Any CPU.ActiveCfg = Release|Any CPU
		{D2A6A4BC-96DB-4EC5-8CEC-223FDF89FA01}.Release|Any CPU.Build.0 = Release|Any CPU
	EndGlobalSection
	GlobalSection(SolutionProperties) = preSolution
		HideSolutionNode = FALSE
	EndGlobalSection
	GlobalSection(ExtensibilityGlobals) = postSolution
		SolutionGuid = {63041C8B-C7CE-4AAF-9E6E-82D026B28221}
	EndGlobalSection
EndGlobal
